
Microsoft Visual Studio Solution File, Format Version 12.00
# Visual Studio Version 16
VisualStudioVersion = 16.0.31105.61
MinimumVisualStudioVersion = 10.0.40219.1
Project("{8BC9CEB8-8B4A-11D0-8D11-00A0C91BC942}") = "C_example", "C_example\C_example.vcxproj", "{26E8AD69-62A9-4A65-A39F-3DDD1FF52591}"
EndProject
Global
	GlobalSection(SolutionConfigurationPlatforms) = preSolution
		Debug|x64 = Debug|x64
		Debug|x86 = Debug|x86
		Release|x64 = Release|x64
		Release|x86 = Release|x86
	EndGlobalSection
	GlobalSection(ProjectConfigurationPlatforms) = postSolution
		{26E8AD69-62A9-4A65-A39F-3DDD1FF52591}.Debug|x64.ActiveCfg = Debug|x64
		{26E8AD69-62A9-4A65-A39F-3DDD1FF52591}.Debug|x64.Build.0 = Debug|x64
		{26E8AD69-62A9-4A65-A39F-3DDD1FF52591}.Debug|x86.ActiveCfg = Debug|Win32
		{26E8AD69-62A9-4A65-A39F-3DDD1FF52591}.Debug|x86.Build.0 = Debug|Win32
		{26E8AD69-62A9-4A65-A39F-3DDD1FF52591}.Release|x64.ActiveCfg = Release|x64
		{26E8AD69-62A9-4A65-A39F-3DDD1FF52591}.Release|x64.Build.0 = Release|x64
		{26E8AD69-62A9-4A65-A39F-3DDD1FF52591}.Release|x86.ActiveCfg = Release|Win32
		{26E8AD69-62A9-4A65-A39F-3DDD1FF52591}.Release|x86.Build.0 = Release|Win32
	EndGlobalSection
	GlobalSection(SolutionProperties) = preSolution
		HideSolutionNode = FALSE
	EndGlobalSection
	GlobalSection(ExtensibilityGlobals) = postSolution
		SolutionGuid = {7A99AD4D-0264-4DD2-B97C-7A0B24C4EC9D}
	EndGlobalSection
EndGlobal
